
Microsoft Visual Studio Solution File, Format Version 12.00
# Visual Studio 2013
VisualStudioVersion = 12.0.21005.1
MinimumVisualStudioVersion = 10.0.40219.1
Project("{8BC9CEB8-8B4A-11D0-8D11-00A0C91BC942}") = "WAV_Parse", "WAV_Parse.vcxproj", "{8B8D8E52-408E-4596-ADC8-B586ECE18DA1}"
EndProject
Global
	GlobalSection(SolutionConfigurationPlatforms) = preSolution
		Debug|Win32 = Debug|Win32
		Release|Win32 = Release|Win32
	EndGlobalSection
	GlobalSection(ProjectConfigurationPlatforms) = postSolution
		{8B8D8E52-408E-4596-ADC8-B586ECE18DA1}.Debug|Win32.ActiveCfg = Debug|Win32
		{8B8D8E52-408E-4596-ADC8-B586ECE18DA1}.Debug|Win32.Build.0 = Debug|Win32
		{8B8D8E52-408E-4596-ADC8-B586ECE18DA1}.Release|Win32.ActiveCfg = Release|Win32
		{8B8D8E52-408E-4596-ADC8-B586ECE18DA1}.Release|Win32.Build.0 = Release|Win32
	EndGlobalSection
	GlobalSection(SolutionProperties) = preSolution
		HideSolutionNode = FALSE
	EndGlobalSection
EndGlobal
